
Microsoft Visual Studio Solution File, Format Version 12.00
# Visual Studio Version 17
VisualStudioVersion = 17.4.33122.133
MinimumVisualStudioVersion = 10.0.40219.1
Project("{9A19103F-16F7-4668-BE54-9A1E7A4F7556}") = "Google.PL", "Google.PL\Google.PL.csproj", "{7B143563-02A4-4189-9F94-C340C22A1C38}"
	ProjectSection(ProjectDependencies) = postProject
		{B5B05AC1-13D7-4C71-9497-A78648094D10} = {B5B05AC1-13D7-4C71-9497-A78648094D10}
	EndProjectSection
EndProject
Project("{FAE04EC0-301F-11D3-BF4B-00C04F79EFBC}") = "Google.BLL", "Google.BLL\Google.BLL.csproj", "{B5B05AC1-13D7-4C71-9497-A78648094D10}"
EndProject
Global
	GlobalSection(SolutionConfigurationPlatforms) = preSolution
		Debug|Any CPU = Debug|Any CPU
		Release|Any CPU = Release|Any CPU
	EndGlobalSection
	GlobalSection(ProjectConfigurationPlatforms) = postSolution
		{7B143563-02A4-4189-9F94-C340C22A1C38}.Debug|Any CPU.ActiveCfg = Debug|Any CPU
		{7B143563-02A4-4189-9F94-C340C22A1C38}.Debug|Any CPU.Build.0 = Debug|Any CPU
		{7B143563-02A4-4189-9F94-C340C22A1C38}.Release|Any CPU.ActiveCfg = Release|Any CPU
		{7B143563-02A4-4189-9F94-C340C22A1C38}.Release|Any CPU.Build.0 = Release|Any CPU
		{B5B05AC1-13D7-4C71-9497-A78648094D10}.Debug|Any CPU.ActiveCfg = Debug|Any CPU
		{B5B05AC1-13D7-4C71-9497-A78648094D10}.Debug|Any CPU.Build.0 = Debug|Any CPU
		{B5B05AC1-13D7-4C71-9497-A78648094D10}.Release|Any CPU.ActiveCfg = Release|Any CPU
		{B5B05AC1-13D7-4C71-9497-A78648094D10}.Release|Any CPU.Build.0 = Release|Any CPU
	EndGlobalSection
	GlobalSection(SolutionProperties) = preSolution
		HideSolutionNode = FALSE
	EndGlobalSection
	GlobalSection(ExtensibilityGlobals) = postSolution
		SolutionGuid = {E1C06AB2-6EEA-4761-867C-25BD021FFB81}
	EndGlobalSection
EndGlobal
